
Microsoft Visual Studio Solution File, Format Version 12.00
# Visual Studio Version 17
VisualStudioVersion = 17.3.32929.385
MinimumVisualStudioVersion = 10.0.40219.1
Project("{FAE04EC0-301F-11D3-BF4B-00C04F79EFBC}") = "OnlineShoppingSystem", "OnlineShoppingSystem\OnlineShoppingSystem.csproj", "{30288E8B-AB5D-4694-82F3-A19221CA1AA1}"
EndProject
Global
	GlobalSection(SolutionConfigurationPlatforms) = preSolution
		Debug|Any CPU = Debug|Any CPU
		Release|Any CPU = Release|Any CPU
	EndGlobalSection
	GlobalSection(ProjectConfigurationPlatforms) = postSolution
		{30288E8B-AB5D-4694-82F3-A19221CA1AA1}.Debug|Any CPU.ActiveCfg = Debug|Any CPU
		{30288E8B-AB5D-4694-82F3-A19221CA1AA1}.Debug|Any CPU.Build.0 = Debug|Any CPU
		{30288E8B-AB5D-4694-82F3-A19221CA1AA1}.Release|Any CPU.ActiveCfg = Release|Any CPU
		{30288E8B-AB5D-4694-82F3-A19221CA1AA1}.Release|Any CPU.Build.0 = Release|Any CPU
	EndGlobalSection
	GlobalSection(SolutionProperties) = preSolution
		HideSolutionNode = FALSE
	EndGlobalSection
	GlobalSection(ExtensibilityGlobals) = postSolution
		SolutionGuid = {03AB2512-0B15-48F1-8BE0-194ACC5A19C0}
	EndGlobalSection
EndGlobal
